{
  "name": "ts-programs",
  "version": "1.0.0",
  "lockfileVersion": 3,
  "requires": true,
  "packages": {
    "": {
      "name": "ts-programs",
      "version": "1.0.0",
      "license": "ISC",
      "dependencies": {
        "@solanaturbine/poseidon": "^0.0.4"
      }
    },
    "node_modules/@solanaturbine/poseidon": {
      "version": "0.0.4",
      "resolved": "https://registry.npmjs.org/@solanaturbine/poseidon/-/poseidon-0.0.4.tgz",
      "integrity": "sha512-VNQRtqobzBT+Wkh8fdPb0WVt12aIlgRJuGDxptclkphXi5w+VHUfMPcBshWSFPZg1nheXYgJABwvffYcyirw1g=="
    }
  }
}
